{
    "version": 3,
    "terraform_version": "0.11.10",
    "serial": 2,
    "lineage": "1b70d79c-bed4-8e5c-2d27-c7b9273b352c",
    "modules": [
        {
            "path": [
                "root"
            ],
            "outputs": {},
            "resources": {
                "docker_container.nginx-server": {
                    "type": "docker_container",
                    "depends_on": [
                        "docker_image.nginx"
                    ],
                    "primary": {
                        "id": "03328031f3d1eeae30802986061638c82293c96027430e2fdf1bab25f68bc932",
                        "attributes": {
                            "attach": "false",
                            "bridge": "",
                            "gateway": "172.17.0.1",
                            "id": "03328031f3d1eeae30802986061638c82293c96027430e2fdf1bab25f68bc932",
                            "image": "sha256:bedece1f06cc142829698e6ba8f04d7f92e7f1b94b985e14b65f55e6ae4858c2",
                            "ip_address": "172.17.0.2",
                            "ip_prefix_length": "16",
                            "log_driver": "json-file",
                            "logs": "false",
                            "must_run": "true",
                            "name": "nginx-machine",
                            "network_data.#": "1",
                            "network_data.0.gateway": "172.17.0.1",
                            "network_data.0.ip_address": "172.17.0.2",
                            "network_data.0.ip_prefix_length": "16",
                            "network_data.0.network_name": "bridge",
                            "ports.#": "1",
                            "ports.0.external": "32768",
                            "ports.0.internal": "80",
                            "ports.0.ip": "0.0.0.0",
                            "ports.0.protocol": "tcp",
                            "restart": "no",
                            "rm": "false",
                            "start": "true",
                            "volumes.#": "1",
                            "volumes.316681096.container_path": "/usr/share/nginx/html",
                            "volumes.316681096.from_container": "",
                            "volumes.316681096.host_path": "/home/scrapbook/tutorial/www",
                            "volumes.316681096.read_only": "true",
                            "volumes.316681096.volume_name": ""
                        },
                        "meta": {},
                        "tainted": false
                    },
                    "deposed": [],
                    "provider": "provider.docker"
                },
                "docker_image.nginx": {
                    "type": "docker_image",
                    "depends_on": [],
                    "primary": {
                        "id": "sha256:bedece1f06cc142829698e6ba8f04d7f92e7f1b94b985e14b65f55e6ae4858c2nginx:1.11-alpine",
                        "attributes": {
                            "id": "sha256:bedece1f06cc142829698e6ba8f04d7f92e7f1b94b985e14b65f55e6ae4858c2nginx:1.11-alpine",
                            "latest": "sha256:bedece1f06cc142829698e6ba8f04d7f92e7f1b94b985e14b65f55e6ae4858c2",
                            "name": "nginx:1.11-alpine"
                        },
                        "meta": {},
                        "tainted": false
                    },
                    "deposed": [],
                    "provider": "provider.docker"
                }
            },
            "depends_on": []
        }
    ]
}
